
Microsoft Visual Studio Solution File, Format Version 12.00
# Visual Studio Version 16
VisualStudioVersion = 16.0.30907.101
MinimumVisualStudioVersion = 10.0.40219.1
Project("{FAE04EC0-301F-11D3-BF4B-00C04F79EFBC}") = "titanic", "titanic\titanic.csproj", "{476812FE-BC2E-4AC9-9535-839307D00DEE}"
EndProject
Global
	GlobalSection(SolutionConfigurationPlatforms) = preSolution
		Debug|Any CPU = Debug|Any CPU
		Release|Any CPU = Release|Any CPU
	EndGlobalSection
	GlobalSection(ProjectConfigurationPlatforms) = postSolution
		{476812FE-BC2E-4AC9-9535-839307D00DEE}.Debug|Any CPU.ActiveCfg = Debug|Any CPU
		{476812FE-BC2E-4AC9-9535-839307D00DEE}.Debug|Any CPU.Build.0 = Debug|Any CPU
		{476812FE-BC2E-4AC9-9535-839307D00DEE}.Release|Any CPU.ActiveCfg = Release|Any CPU
		{476812FE-BC2E-4AC9-9535-839307D00DEE}.Release|Any CPU.Build.0 = Release|Any CPU
	EndGlobalSection
	GlobalSection(SolutionProperties) = preSolution
		HideSolutionNode = FALSE
	EndGlobalSection
	GlobalSection(ExtensibilityGlobals) = postSolution
		SolutionGuid = {970744A5-E830-45C4-B49F-30347A223E02}
	EndGlobalSection
EndGlobal
